
Microsoft Visual Studio Solution File, Format Version 12.00
# Visual Studio 14
VisualStudioVersion = 14.0.25420.1
MinimumVisualStudioVersion = 10.0.40219.1
Project("{FAE04EC0-301F-11D3-BF4B-00C04F79EFBC}") = "KargerMinCut", "KargerMinCut\KargerMinCut.csproj", "{FAF2CE7D-4512-474B-9ED2-5AF62B193AEB}"
EndProject
Project("{8BC9CEB8-8B4A-11D0-8D11-00A0C91BC942}") = "KargerMinCut.CPlusPlus", "KargerMinCut.CPlusPlus\KargerMinCut.CPlusPlus.vcxproj", "{93C38EA9-0813-4DB2-8158-C6E1A95D2949}"
EndProject
Project("{8BC9CEB8-8B4A-11D0-8D11-00A0C91BC942}") = "KargerMinCut.AMP", "KargerMinCut.AMP\KargerMinCut.AMP.vcxproj", "{D4541DA0-C0BB-4A42-A9D3-2E32348018E0}"
EndProject
Project("{FAE04EC0-301F-11D3-BF4B-00C04F79EFBC}") = "KargerMinCut.Cudafy", "KargerMinCut.Cudafy\KargerMinCut.Cudafy.csproj", "{40A9D3FD-8236-446B-8A50-FD6414DC9A50}"
EndProject
Global
	GlobalSection(SolutionConfigurationPlatforms) = preSolution
		Debug|Any CPU = Debug|Any CPU
		Debug|x64 = Debug|x64
		Debug|x86 = Debug|x86
		Release|Any CPU = Release|Any CPU
		Release|x64 = Release|x64
		Release|x86 = Release|x86
	EndGlobalSection
	GlobalSection(ProjectConfigurationPlatforms) = postSolution
		{FAF2CE7D-4512-474B-9ED2-5AF62B193AEB}.Debug|Any CPU.ActiveCfg = Debug|Any CPU
		{FAF2CE7D-4512-474B-9ED2-5AF62B193AEB}.Debug|Any CPU.Build.0 = Debug|Any CPU
		{FAF2CE7D-4512-474B-9ED2-5AF62B193AEB}.Debug|x64.ActiveCfg = Debug|Any CPU
		{FAF2CE7D-4512-474B-9ED2-5AF62B193AEB}.Debug|x64.Build.0 = Debug|Any CPU
		{FAF2CE7D-4512-474B-9ED2-5AF62B193AEB}.Debug|x86.ActiveCfg = Debug|Any CPU
		{FAF2CE7D-4512-474B-9ED2-5AF62B193AEB}.Debug|x86.Build.0 = Debug|Any CPU
		{FAF2CE7D-4512-474B-9ED2-5AF62B193AEB}.Release|Any CPU.ActiveCfg = Release|Any CPU
		{FAF2CE7D-4512-474B-9ED2-5AF62B193AEB}.Release|Any CPU.Build.0 = Release|Any CPU
		{FAF2CE7D-4512-474B-9ED2-5AF62B193AEB}.Release|x64.ActiveCfg = Release|Any CPU
		{FAF2CE7D-4512-474B-9ED2-5AF62B193AEB}.Release|x64.Build.0 = Release|Any CPU
		{FAF2CE7D-4512-474B-9ED2-5AF62B193AEB}.Release|x86.ActiveCfg = Release|Any CPU
		{FAF2CE7D-4512-474B-9ED2-5AF62B193AEB}.Release|x86.Build.0 = Release|Any CPU
		{93C38EA9-0813-4DB2-8158-C6E1A95D2949}.Debug|Any CPU.ActiveCfg = Debug|Win32
		{93C38EA9-0813-4DB2-8158-C6E1A95D2949}.Debug|Any CPU.Build.0 = Debug|Win32
		{93C38EA9-0813-4DB2-8158-C6E1A95D2949}.Debug|x64.ActiveCfg = Debug|Win32
		{93C38EA9-0813-4DB2-8158-C6E1A95D2949}.Debug|x86.ActiveCfg = Debug|Win32
		{93C38EA9-0813-4DB2-8158-C6E1A95D2949}.Debug|x86.Build.0 = Debug|Win32
		{93C38EA9-0813-4DB2-8158-C6E1A95D2949}.Release|Any CPU.ActiveCfg = Release|Win32
		{93C38EA9-0813-4DB2-8158-C6E1A95D2949}.Release|Any CPU.Build.0 = Release|Win32
		{93C38EA9-0813-4DB2-8158-C6E1A95D2949}.Release|x64.ActiveCfg = Release|Win32
		{93C38EA9-0813-4DB2-8158-C6E1A95D2949}.Release|x86.ActiveCfg = Release|Win32
		{93C38EA9-0813-4DB2-8158-C6E1A95D2949}.Release|x86.Build.0 = Release|Win32
		{D4541DA0-C0BB-4A42-A9D3-2E32348018E0}.Debug|Any CPU.ActiveCfg = Debug|Win32
		{D4541DA0-C0BB-4A42-A9D3-2E32348018E0}.Debug|Any CPU.Build.0 = Debug|Win32
		{D4541DA0-C0BB-4A42-A9D3-2E32348018E0}.Debug|x64.ActiveCfg = Debug|x64
		{D4541DA0-C0BB-4A42-A9D3-2E32348018E0}.Debug|x64.Build.0 = Debug|x64
		{D4541DA0-C0BB-4A42-A9D3-2E32348018E0}.Debug|x86.ActiveCfg = Debug|Win32
		{D4541DA0-C0BB-4A42-A9D3-2E32348018E0}.Debug|x86.Build.0 = Debug|Win32
		{D4541DA0-C0BB-4A42-A9D3-2E32348018E0}.Release|Any CPU.ActiveCfg = Release|Win32
		{D4541DA0-C0BB-4A42-A9D3-2E32348018E0}.Release|Any CPU.Build.0 = Release|Win32
		{D4541DA0-C0BB-4A42-A9D3-2E32348018E0}.Release|x64.ActiveCfg = Release|x64
		{D4541DA0-C0BB-4A42-A9D3-2E32348018E0}.Release|x64.Build.0 = Release|x64
		{D4541DA0-C0BB-4A42-A9D3-2E32348018E0}.Release|x86.ActiveCfg = Release|Win32
		{D4541DA0-C0BB-4A42-A9D3-2E32348018E0}.Release|x86.Build.0 = Release|Win32
		{40A9D3FD-8236-446B-8A50-FD6414DC9A50}.Debug|Any CPU.ActiveCfg = Debug|Any CPU
		{40A9D3FD-8236-446B-8A50-FD6414DC9A50}.Debug|Any CPU.Build.0 = Debug|Any CPU
		{40A9D3FD-8236-446B-8A50-FD6414DC9A50}.Debug|x64.ActiveCfg = Debug|Any CPU
		{40A9D3FD-8236-446B-8A50-FD6414DC9A50}.Debug|x64.Build.0 = Debug|Any CPU
		{40A9D3FD-8236-446B-8A50-FD6414DC9A50}.Debug|x86.ActiveCfg = Debug|Any CPU
		{40A9D3FD-8236-446B-8A50-FD6414DC9A50}.Debug|x86.Build.0 = Debug|Any CPU
		{40A9D3FD-8236-446B-8A50-FD6414DC9A50}.Release|Any CPU.ActiveCfg = Release|Any CPU
		{40A9D3FD-8236-446B-8A50-FD6414DC9A50}.Release|Any CPU.Build.0 = Release|Any CPU
		{40A9D3FD-8236-446B-8A50-FD6414DC9A50}.Release|x64.ActiveCfg = Release|Any CPU
		{40A9D3FD-8236-446B-8A50-FD6414DC9A50}.Release|x64.Build.0 = Release|Any CPU
		{40A9D3FD-8236-446B-8A50-FD6414DC9A50}.Release|x86.ActiveCfg = Release|Any CPU
		{40A9D3FD-8236-446B-8A50-FD6414DC9A50}.Release|x86.Build.0 = Release|Any CPU
	EndGlobalSection
	GlobalSection(SolutionProperties) = preSolution
		HideSolutionNode = FALSE
	EndGlobalSection
EndGlobal
